version = 1
revision = 1
requires-python = ">=3.12"

[[package]]
name = "protoboard"
version = "0.1.0"
source = { virtual = "." }
dependencies = [
    { name = "stripboard" },
]

[package.metadata]
requires-dist = [{ name = "stripboard", specifier = ">=0.5.0" }]

[[package]]
name = "stripboard"
version = "0.5.0"
source = { registry = "https://pypi.org/simple" }
sdist = { url = "https://files.pythonhosted.org/packages/9f/b0/96e13e69e4fda6a461459f5fe85186ad2feda2e4f014aa53c62f562da879/stripboard-0.5.0.tar.gz", hash = "sha256:97f281b917b3cc6459d1d8ecfae0f9de9126383342e22526455e033428b3a155", size = 190138 }
wheels = [
    { url = "https://files.pythonhosted.org/packages/9c/85/e581d7dc9c0a6ca7c3e675dea7f802f6e3310e865d33bbedc02e6e4a828b/stripboard-0.5.0-py3-none-any.whl", hash = "sha256:2b5adc6d309d9a94018ee3b74abfd258af192b9c8e48279da196925416c4d7a1", size = 109226 },
]
